{
  "name": "log-records",
  "version": "1.0.0",
  "lockfileVersion": 1,
  "requires": true,
  "dependencies": {
    "jsonata": {
      "version": "1.8.5",
      "resolved": "https://registry.npmjs.org/jsonata/-/jsonata-1.8.5.tgz",
      "integrity": "sha512-ilDyTBkg6qhNoNVr8PUPzz5GYvRK+REKOM5MdOGzH2y6V4yvPRMegSvbZLpbTtI0QAgz09QM7drDhSHUlwp9pA=="
    },
    "readline-sync": {
      "version": "1.4.10",
      "resolved": "https://registry.npmjs.org/readline-sync/-/readline-sync-1.4.10.tgz",
      "integrity": "sha512-gNva8/6UAe8QYepIQH/jQ2qn91Qj0B9sYjMBBs3QOB8F2CXcKgLxQaJRP76sWVRQt+QU+8fAkCbCvjjMFu7Ycw=="
    }
  }
}
